Microsoft Visual Studio Solution File, Format Version 12.00
# Visual Studio Version 17
VisualStudioVersion = 17.5.2.0
MinimumVisualStudioVersion = 10.0.40219.1
Project("{FAE04EC0-301F-11D3-BF4B-00C04F79EFBC}") = "PizzaOrder-app", "PizzaOrder-app.csproj", "{8095032F-61E9-870C-AA01-0C2CDAD43A9F}"
EndProject
Global
	GlobalSection(SolutionConfigurationPlatforms) = preSolution
		Debug|Any CPU = Debug|Any CPU
		Release|Any CPU = Release|Any CPU
	EndGlobalSection
	GlobalSection(ProjectConfigurationPlatforms) = postSolution
		{8095032F-61E9-870C-AA01-0C2CDAD43A9F}.Debug|Any CPU.ActiveCfg = Debug|Any CPU
		{8095032F-61E9-870C-AA01-0C2CDAD43A9F}.Debug|Any CPU.Build.0 = Debug|Any CPU
		{8095032F-61E9-870C-AA01-0C2CDAD43A9F}.Release|Any CPU.ActiveCfg = Release|Any CPU
		{8095032F-61E9-870C-AA01-0C2CDAD43A9F}.Release|Any CPU.Build.0 = Release|Any CPU
	EndGlobalSection
	GlobalSection(SolutionProperties) = preSolution
		HideSolutionNode = FALSE
	EndGlobalSection
	GlobalSection(ExtensibilityGlobals) = postSolution
		SolutionGuid = {68E63440-E025-4535-BB74-4D3B8BF3EE22}
	EndGlobalSection
EndGlobal
